github.com/fredyk/westack-go/v2/lambdas v0.0.0-20250904091348-44217061f869 h1:KBBA42w47rH2W8ZwS3yreT0UhYvaZR7/9zK0bmxVf40=
github.com/fredyk/westack-go/v2/lambdas v0.0.0-20250904091348-44217061f869/go.mod h1:fhCqS94tYYxFHm08YBJMF6VapbKXI5RxDr1n4Mlzcd4=
github.com/goccy/go-json v0.10.4 h1:JSwxQzIqKfmFX1swYPpUThQZp/Ka4wzJdK0LWVytLPM=
github.com/goccy/go-json v0.10.4/go.mod h1:oq7eo15ShAhp70Anwd5lgX2pLfOS3QCiwU/PULtXL6M=
